# This file is autogenerated, do not edit; changes may be undone by the next 'dep ensure'.


[[projects]]
  digest = "1:d689318918dac8435731a16f090349f48f3758a3dbe5f967e913185bf264abaf"
  name = "github.com/cloudfoundry-community/go-cfenv"
  packages = ["."]
  pruneopts = "UT"
  revision = "f920e9562d5f951cbf11785728f67258c38a10d0"
  version = "v1.17.0"

[[projects]]
  digest = "1:7b5c6e2eeaa9ae5907c391a91c132abfd5c9e8a784a341b5625e750c67e6825d"
  name = "github.com/gorilla/websocket"
  packages = ["."]
  pruneopts = "UT"
  revision = "66b9c49e59c6c48f0ffce28c2d8b8a5678502c6d"
  version = "v1.4.0"

[[projects]]
  digest = "1:0a69a1c0db3591fcefb47f115b224592c8dfa4368b7ba9fae509d5e16cdc95c8"
  name = "github.com/konsorten/go-windows-terminal-sequences"
  packages = ["."]
  pruneopts = "UT"
  revision = "5c8c8bd35d3832f5d134ae1e1e375b69a4d25242"
  version = "v1.0.1"

[[projects]]
  digest = "1:8ef506fc2bb9ced9b151dafa592d4046063d744c646c1bbe801982ce87e4bc24"
  name = "github.com/lib/pq"
  packages = [
    ".",
    "oid",
  ]
  pruneopts = "UT"
  revision = "4ded0e9383f75c197b3a2aaa6d590ac52df6fd79"
  version = "v1.0.0"

[[projects]]
  digest = "1:53bc4cd4914cd7cd52139990d5170d6dc99067ae31c56530621b18b35fc30318"
  name = "github.com/mitchellh/mapstructure"
  packages = ["."]
  pruneopts = "UT"
  revision = "3536a929edddb9a5b34bd6861dc4a9647cb459fe"
  version = "v1.1.2"

[[projects]]
  branch = "master"
  digest = "1:b04d59a0c117e1577696bf95c4031c0b2cdf86a6212595acd7d20138f7a2738d"
  name = "github.com/nlopes/slack"
  packages = [
    ".",
    "slackutilsx",
  ]
  pruneopts = "UT"
  revision = "5963eafd777b358970eea7319fb26d8effc9ebf1"

[[projects]]
  digest = "1:40e195917a951a8bf867cd05de2a46aaf1806c50cf92eebf4c16f78cd196f747"
  name = "github.com/pkg/errors"
  packages = ["."]
  pruneopts = "UT"
  revision = "645ef00459ed84a119197bfb8d8205042c6df63d"
  version = "v0.8.0"

[[projects]]
  digest = "1:69b1cc331fca23d702bd72f860c6a647afd0aa9fcbc1d0659b1365e26546dd70"
  name = "github.com/sirupsen/logrus"
  packages = ["."]
  pruneopts = "UT"
  revision = "bcd833dfe83d3cebad139e4a29ed79cb2318bf95"
  version = "v1.2.0"

[[projects]]
  branch = "master"
  digest = "1:f133215ed88f2bd2c68cad211f1d144a246cd789d70e0b6190fa5c58a3e7c98c"
  name = "github.com/tylarb/TimeCache"
  packages = ["."]
  pruneopts = "UT"
  revision = "283b57a6dce5c1ba01679e7a9e596fb039fcdb56"

[[projects]]
  branch = "master"
  digest = "1:3f3a05ae0b95893d90b9b3b5afdb79a9b3d96e4e36e099d841ae602e4aca0da8"
  name = "golang.org/x/crypto"
  packages = ["ssh/terminal"]
  pruneopts = "UT"
  revision = "3d3f9f413869b949e48070b5bc593aa22cc2b8f2"

[[projects]]
  branch = "master"
  digest = "1:6a875550c3b582f6c2d7e2ce44aba792511f00016d7c46b0a4fb26f730ef3058"
  name = "golang.org/x/sys"
  packages = [
    "unix",
    "windows",
  ]
  pruneopts = "UT"
  revision = "66b7b1311ac80bbafcd2daeef9a5e6e2cd1e2399"

[solve-meta]
  analyzer-name = "dep"
  analyzer-version = 1
  input-imports = [
    "github.com/cloudfoundry-community/go-cfenv",
    "github.com/lib/pq",
    "github.com/nlopes/slack",
    "github.com/sirupsen/logrus",
    "github.com/tylarb/TimeCache",
  ]
  solver-name = "gps-cdcl"
  solver-version = 1
